
Microsoft Visual Studio Solution File, Format Version 12.00
# Visual Studio Version 17
VisualStudioVersion = 17.13.35825.156 d17.13
MinimumVisualStudioVersion = 10.0.40219.1
Project("{FAE04EC0-301F-11D3-BF4B-00C04F79EFBC}") = "CMCS", "CMCS.csproj", "{414BA6E3-0D36-46F2-AE2A-03CC0A32AEA3}"
EndProject
Global
	GlobalSection(SolutionConfigurationPlatforms) = preSolution
		Debug|Any CPU = Debug|Any CPU
		Release|Any CPU = Release|Any CPU
	EndGlobalSection
	GlobalSection(ProjectConfigurationPlatforms) = postSolution
		{414BA6E3-0D36-46F2-AE2A-03CC0A32AEA3}.Debug|Any CPU.ActiveCfg = Debug|Any CPU
		{414BA6E3-0D36-46F2-AE2A-03CC0A32AEA3}.Debug|Any CPU.Build.0 = Debug|Any CPU
		{414BA6E3-0D36-46F2-AE2A-03CC0A32AEA3}.Release|Any CPU.ActiveCfg = Release|Any CPU
		{414BA6E3-0D36-46F2-AE2A-03CC0A32AEA3}.Release|Any CPU.Build.0 = Release|Any CPU
	EndGlobalSection
	GlobalSection(SolutionProperties) = preSolution
		HideSolutionNode = FALSE
	EndGlobalSection
	GlobalSection(ExtensibilityGlobals) = postSolution
		SolutionGuid = {426BE2C0-48E7-4761-9BDC-E9508EB7AE2D}
	EndGlobalSection
EndGlobal
